
Microsoft Visual Studio Solution File, Format Version 12.00
# Visual Studio 15
VisualStudioVersion = 15.0.26730.12
MinimumVisualStudioVersion = 10.0.40219.1
Project("{FAE04EC0-301F-11D3-BF4B-00C04F79EFBC}") = "pasim.visual", "pasim.visual\pasim.visual.csproj", "{8D746397-BB4B-4474-A241-3C71B9595A42}"
EndProject
Project("{8BC9CEB8-8B4A-11D0-8D11-00A0C91BC942}") = "pasim.gpu", "pasim.gpu\pasim.gpu.vcxproj", "{135D514F-B274-461D-AF5A-01675DC21F58}"
EndProject
Project("{FAE04EC0-301F-11D3-BF4B-00C04F79EFBC}") = "pasim.core", "pasim.core\pasim.core.csproj", "{26B6E860-2B6E-4BB8-B9B6-50323D3598DF}"
EndProject
Project("{FAE04EC0-301F-11D3-BF4B-00C04F79EFBC}") = "pasim.test", "pasim.test\pasim.test.csproj", "{500133A2-F9E4-428A-8D6E-DCE534A37EE4}"
EndProject
Project("{FAE04EC0-301F-11D3-BF4B-00C04F79EFBC}") = "pasim.launcher", "pasim.launcher\pasim.launcher.csproj", "{9E906BCD-8390-4DC2-A364-AF30832B1C99}"
EndProject
Global
	GlobalSection(SolutionConfigurationPlatforms) = preSolution
		Debug|Any CPU = Debug|Any CPU
		Debug|x64 = Debug|x64
		Release|Any CPU = Release|Any CPU
		Release|x64 = Release|x64
	EndGlobalSection
	GlobalSection(ProjectConfigurationPlatforms) = postSolution
		{8D746397-BB4B-4474-A241-3C71B9595A42}.Debug|Any CPU.ActiveCfg = Debug|Any CPU
		{8D746397-BB4B-4474-A241-3C71B9595A42}.Debug|Any CPU.Build.0 = Debug|Any CPU
		{8D746397-BB4B-4474-A241-3C71B9595A42}.Debug|x64.ActiveCfg = Debug|Any CPU
		{8D746397-BB4B-4474-A241-3C71B9595A42}.Debug|x64.Build.0 = Debug|Any CPU
		{8D746397-BB4B-4474-A241-3C71B9595A42}.Release|Any CPU.ActiveCfg = Release|Any CPU
		{8D746397-BB4B-4474-A241-3C71B9595A42}.Release|Any CPU.Build.0 = Release|Any CPU
		{8D746397-BB4B-4474-A241-3C71B9595A42}.Release|x64.ActiveCfg = Release|Any CPU
		{8D746397-BB4B-4474-A241-3C71B9595A42}.Release|x64.Build.0 = Release|Any CPU
		{135D514F-B274-461D-AF5A-01675DC21F58}.Debug|Any CPU.ActiveCfg = Debug|x64
		{135D514F-B274-461D-AF5A-01675DC21F58}.Debug|x64.ActiveCfg = Debug|x64
		{135D514F-B274-461D-AF5A-01675DC21F58}.Debug|x64.Build.0 = Debug|x64
		{135D514F-B274-461D-AF5A-01675DC21F58}.Release|Any CPU.ActiveCfg = Release|x64
		{135D514F-B274-461D-AF5A-01675DC21F58}.Release|x64.ActiveCfg = Release|x64
		{135D514F-B274-461D-AF5A-01675DC21F58}.Release|x64.Build.0 = Release|x64
		{26B6E860-2B6E-4BB8-B9B6-50323D3598DF}.Debug|Any CPU.ActiveCfg = Debug|Any CPU
		{26B6E860-2B6E-4BB8-B9B6-50323D3598DF}.Debug|Any CPU.Build.0 = Debug|Any CPU
		{26B6E860-2B6E-4BB8-B9B6-50323D3598DF}.Debug|x64.ActiveCfg = Debug|Any CPU
		{26B6E860-2B6E-4BB8-B9B6-50323D3598DF}.Debug|x64.Build.0 = Debug|Any CPU
		{26B6E860-2B6E-4BB8-B9B6-50323D3598DF}.Release|Any CPU.ActiveCfg = Release|Any CPU
		{26B6E860-2B6E-4BB8-B9B6-50323D3598DF}.Release|Any CPU.Build.0 = Release|Any CPU
		{26B6E860-2B6E-4BB8-B9B6-50323D3598DF}.Release|x64.ActiveCfg = Release|Any CPU
		{26B6E860-2B6E-4BB8-B9B6-50323D3598DF}.Release|x64.Build.0 = Release|Any CPU
		{500133A2-F9E4-428A-8D6E-DCE534A37EE4}.Debug|Any CPU.ActiveCfg = Debug|Any CPU
		{500133A2-F9E4-428A-8D6E-DCE534A37EE4}.Debug|Any CPU.Build.0 = Debug|Any CPU
		{500133A2-F9E4-428A-8D6E-DCE534A37EE4}.Debug|x64.ActiveCfg = Debug|Any CPU
		{500133A2-F9E4-428A-8D6E-DCE534A37EE4}.Debug|x64.Build.0 = Debug|Any CPU
		{500133A2-F9E4-428A-8D6E-DCE534A37EE4}.Release|Any CPU.ActiveCfg = Release|Any CPU
		{500133A2-F9E4-428A-8D6E-DCE534A37EE4}.Release|Any CPU.Build.0 = Release|Any CPU
		{500133A2-F9E4-428A-8D6E-DCE534A37EE4}.Release|x64.ActiveCfg = Release|Any CPU
		{500133A2-F9E4-428A-8D6E-DCE534A37EE4}.Release|x64.Build.0 = Release|Any CPU
		{9E906BCD-8390-4DC2-A364-AF30832B1C99}.Debug|Any CPU.ActiveCfg = Debug|Any CPU
		{9E906BCD-8390-4DC2-A364-AF30832B1C99}.Debug|Any CPU.Build.0 = Debug|Any CPU
		{9E906BCD-8390-4DC2-A364-AF30832B1C99}.Debug|x64.ActiveCfg = Debug|Any CPU
		{9E906BCD-8390-4DC2-A364-AF30832B1C99}.Debug|x64.Build.0 = Debug|Any CPU
		{9E906BCD-8390-4DC2-A364-AF30832B1C99}.Release|Any CPU.ActiveCfg = Release|Any CPU
		{9E906BCD-8390-4DC2-A364-AF30832B1C99}.Release|Any CPU.Build.0 = Release|Any CPU
		{9E906BCD-8390-4DC2-A364-AF30832B1C99}.Release|x64.ActiveCfg = Release|Any CPU
		{9E906BCD-8390-4DC2-A364-AF30832B1C99}.Release|x64.Build.0 = Release|Any CPU
	EndGlobalSection
	GlobalSection(SolutionProperties) = preSolution
		HideSolutionNode = FALSE
	EndGlobalSection
	GlobalSection(ExtensibilityGlobals) = postSolution
		SolutionGuid = {9C3B7854-EFE8-4DF6-8930-476A1D271DD8}
	EndGlobalSection
EndGlobal
